
Microsoft Visual Studio Solution File, Format Version 12.00
# Visual Studio Version 17
VisualStudioVersion = 17.8.34330.188
MinimumVisualStudioVersion = 10.0.40219.1
Project("{FAE04EC0-301F-11D3-BF4B-00C04F79EFBC}") = "VideoCatalogApp", "VideoCatalogApp\VideoCatalogApp.csproj", "{0E77327F-467B-478F-8D2D-3D6B9526DB7A}"
EndProject
Project("{FAE04EC0-301F-11D3-BF4B-00C04F79EFBC}") = "VideoCatalogApp.Tests", "VideoCatalogApp.Tests\VideoCatalogApp.Tests.csproj", "{B17D8732-DA75-4D02-B248-FB3E25D912D0}"
EndProject
Global
	GlobalSection(SolutionConfigurationPlatforms) = preSolution
		Debug|Any CPU = Debug|Any CPU
		Release|Any CPU = Release|Any CPU
	EndGlobalSection
	GlobalSection(ProjectConfigurationPlatforms) = postSolution
		{0E77327F-467B-478F-8D2D-3D6B9526DB7A}.Debug|Any CPU.ActiveCfg = Debug|Any CPU
		{0E77327F-467B-478F-8D2D-3D6B9526DB7A}.Debug|Any CPU.Build.0 = Debug|Any CPU
		{0E77327F-467B-478F-8D2D-3D6B9526DB7A}.Release|Any CPU.ActiveCfg = Release|Any CPU
		{0E77327F-467B-478F-8D2D-3D6B9526DB7A}.Release|Any CPU.Build.0 = Release|Any CPU
		{B17D8732-DA75-4D02-B248-FB3E25D912D0}.Debug|Any CPU.ActiveCfg = Debug|Any CPU
		{B17D8732-DA75-4D02-B248-FB3E25D912D0}.Debug|Any CPU.Build.0 = Debug|Any CPU
		{B17D8732-DA75-4D02-B248-FB3E25D912D0}.Release|Any CPU.ActiveCfg = Release|Any CPU
		{B17D8732-DA75-4D02-B248-FB3E25D912D0}.Release|Any CPU.Build.0 = Release|Any CPU
	EndGlobalSection
	GlobalSection(SolutionProperties) = preSolution
		HideSolutionNode = FALSE
	EndGlobalSection
	GlobalSection(ExtensibilityGlobals) = postSolution
		SolutionGuid = {FD1D540E-C5AA-4F15-880F-9A832F4A4603}
	EndGlobalSection
EndGlobal
